
Microsoft Visual Studio Solution File, Format Version 12.00
# Visual Studio 14
VisualStudioVersion = 14.0.25420.1
MinimumVisualStudioVersion = 10.0.40219.1
Project("{FAE04EC0-301F-11D3-BF4B-00C04F79EFBC}") = "CookFactory", "CookFactory\CookFactory.csproj", "{BA86664C-E1B0-49AF-B9A3-E5C73CF01284}"
EndProject
Project("{FAE04EC0-301F-11D3-BF4B-00C04F79EFBC}") = "RefactoringIfStatement", "RefactoringIfStatement\RefactoringIfStatement.csproj", "{79674102-D71B-434B-AA1A-9EB5E7117109}"
EndProject
Project("{FAE04EC0-301F-11D3-BF4B-00C04F79EFBC}") = "RefactoringLoop", "RefactoringLoop\RefactoringLoop.csproj", "{EFA70D36-1557-4F33-90DC-7328DAFB6BF6}"
EndProject
Global
	GlobalSection(SolutionConfigurationPlatforms) = preSolution
		Debug|Any CPU = Debug|Any CPU
		Release|Any CPU = Release|Any CPU
	EndGlobalSection
	GlobalSection(ProjectConfigurationPlatforms) = postSolution
		{BA86664C-E1B0-49AF-B9A3-E5C73CF01284}.Debug|Any CPU.ActiveCfg = Debug|Any CPU
		{BA86664C-E1B0-49AF-B9A3-E5C73CF01284}.Debug|Any CPU.Build.0 = Debug|Any CPU
		{BA86664C-E1B0-49AF-B9A3-E5C73CF01284}.Release|Any CPU.ActiveCfg = Release|Any CPU
		{BA86664C-E1B0-49AF-B9A3-E5C73CF01284}.Release|Any CPU.Build.0 = Release|Any CPU
		{79674102-D71B-434B-AA1A-9EB5E7117109}.Debug|Any CPU.ActiveCfg = Debug|Any CPU
		{79674102-D71B-434B-AA1A-9EB5E7117109}.Debug|Any CPU.Build.0 = Debug|Any CPU
		{79674102-D71B-434B-AA1A-9EB5E7117109}.Release|Any CPU.ActiveCfg = Release|Any CPU
		{79674102-D71B-434B-AA1A-9EB5E7117109}.Release|Any CPU.Build.0 = Release|Any CPU
		{EFA70D36-1557-4F33-90DC-7328DAFB6BF6}.Debug|Any CPU.ActiveCfg = Debug|Any CPU
		{EFA70D36-1557-4F33-90DC-7328DAFB6BF6}.Debug|Any CPU.Build.0 = Debug|Any CPU
		{EFA70D36-1557-4F33-90DC-7328DAFB6BF6}.Release|Any CPU.ActiveCfg = Release|Any CPU
		{EFA70D36-1557-4F33-90DC-7328DAFB6BF6}.Release|Any CPU.Build.0 = Release|Any CPU
	EndGlobalSection
	GlobalSection(SolutionProperties) = preSolution
		HideSolutionNode = FALSE
	EndGlobalSection
EndGlobal
